
Microsoft Visual Studio Solution File, Format Version 12.00
# Visual Studio Version 17
VisualStudioVersion = 17.13.35825.156
MinimumVisualStudioVersion = 10.0.40219.1
Project("{8BC9CEB8-8B4A-11D0-8D11-00A0C91BC942}") = "Program", "Program.vcxproj", "{FF25A068-BD8C-48D5-A4B8-37D7DDE1AC0D}"
EndProject
Project("{8BC9CEB8-8B4A-11D0-8D11-00A0C91BC942}") = "Class 1th (Stream)", "..\Class 1th (Stream)\Class 1th (Stream).vcxproj", "{7990F296-8B31-4007-ADFD-159D3832A519}"
EndProject
Project("{8BC9CEB8-8B4A-11D0-8D11-00A0C91BC942}") = "Class 2th Class", "..\Class 2th Class\Class 2th Class.vcxproj", "{E348BC90-227B-4F8C-BE7C-75C2BAD4A125}"
EndProject
Project("{8BC9CEB8-8B4A-11D0-8D11-00A0C91BC942}") = "Class3th (Constructor & Destructor)", "..\Class3th (Constructor & Destructor)\Class3th (Constructor & Destructor).vcxproj", "{7CBB01E5-C312-4795-964F-203632BC39BF}"
EndProject
Global
	GlobalSection(SolutionConfigurationPlatforms) = preSolution
		Debug|x64 = Debug|x64
		Debug|x86 = Debug|x86
		Release|x64 = Release|x64
		Release|x86 = Release|x86
	EndGlobalSection
	GlobalSection(ProjectConfigurationPlatforms) = postSolution
		{FF25A068-BD8C-48D5-A4B8-37D7DDE1AC0D}.Debug|x64.ActiveCfg = Debug|x64
		{FF25A068-BD8C-48D5-A4B8-37D7DDE1AC0D}.Debug|x64.Build.0 = Debug|x64
		{FF25A068-BD8C-48D5-A4B8-37D7DDE1AC0D}.Debug|x86.ActiveCfg = Debug|Win32
		{FF25A068-BD8C-48D5-A4B8-37D7DDE1AC0D}.Debug|x86.Build.0 = Debug|Win32
		{FF25A068-BD8C-48D5-A4B8-37D7DDE1AC0D}.Release|x64.ActiveCfg = Release|x64
		{FF25A068-BD8C-48D5-A4B8-37D7DDE1AC0D}.Release|x64.Build.0 = Release|x64
		{FF25A068-BD8C-48D5-A4B8-37D7DDE1AC0D}.Release|x86.ActiveCfg = Release|Win32
		{FF25A068-BD8C-48D5-A4B8-37D7DDE1AC0D}.Release|x86.Build.0 = Release|Win32
		{7990F296-8B31-4007-ADFD-159D3832A519}.Debug|x64.ActiveCfg = Debug|x64
		{7990F296-8B31-4007-ADFD-159D3832A519}.Debug|x64.Build.0 = Debug|x64
		{7990F296-8B31-4007-ADFD-159D3832A519}.Debug|x86.ActiveCfg = Debug|Win32
		{7990F296-8B31-4007-ADFD-159D3832A519}.Debug|x86.Build.0 = Debug|Win32
		{7990F296-8B31-4007-ADFD-159D3832A519}.Release|x64.ActiveCfg = Release|x64
		{7990F296-8B31-4007-ADFD-159D3832A519}.Release|x64.Build.0 = Release|x64
		{7990F296-8B31-4007-ADFD-159D3832A519}.Release|x86.ActiveCfg = Release|Win32
		{7990F296-8B31-4007-ADFD-159D3832A519}.Release|x86.Build.0 = Release|Win32
		{E348BC90-227B-4F8C-BE7C-75C2BAD4A125}.Debug|x64.ActiveCfg = Debug|x64
		{E348BC90-227B-4F8C-BE7C-75C2BAD4A125}.Debug|x64.Build.0 = Debug|x64
		{E348BC90-227B-4F8C-BE7C-75C2BAD4A125}.Debug|x86.ActiveCfg = Debug|Win32
		{E348BC90-227B-4F8C-BE7C-75C2BAD4A125}.Debug|x86.Build.0 = Debug|Win32
		{E348BC90-227B-4F8C-BE7C-75C2BAD4A125}.Release|x64.ActiveCfg = Release|x64
		{E348BC90-227B-4F8C-BE7C-75C2BAD4A125}.Release|x64.Build.0 = Release|x64
		{E348BC90-227B-4F8C-BE7C-75C2BAD4A125}.Release|x86.ActiveCfg = Release|Win32
		{E348BC90-227B-4F8C-BE7C-75C2BAD4A125}.Release|x86.Build.0 = Release|Win32
		{7CBB01E5-C312-4795-964F-203632BC39BF}.Debug|x64.ActiveCfg = Debug|x64
		{7CBB01E5-C312-4795-964F-203632BC39BF}.Debug|x64.Build.0 = Debug|x64
		{7CBB01E5-C312-4795-964F-203632BC39BF}.Debug|x86.ActiveCfg = Debug|Win32
		{7CBB01E5-C312-4795-964F-203632BC39BF}.Debug|x86.Build.0 = Debug|Win32
		{7CBB01E5-C312-4795-964F-203632BC39BF}.Release|x64.ActiveCfg = Release|x64
		{7CBB01E5-C312-4795-964F-203632BC39BF}.Release|x64.Build.0 = Release|x64
		{7CBB01E5-C312-4795-964F-203632BC39BF}.Release|x86.ActiveCfg = Release|Win32
		{7CBB01E5-C312-4795-964F-203632BC39BF}.Release|x86.Build.0 = Release|Win32
	EndGlobalSection
	GlobalSection(SolutionProperties) = preSolution
		HideSolutionNode = FALSE
	EndGlobalSection
	GlobalSection(ExtensibilityGlobals) = postSolution
		SolutionGuid = {AC5186FC-3C1C-446E-95DA-B13D6ED0B96B}
	EndGlobalSection
EndGlobal
